
Microsoft Visual Studio Solution File, Format Version 12.00
# Visual Studio Version 17
VisualStudioVersion = 17.9.34622.214
MinimumVisualStudioVersion = 10.0.40219.1
Project("{54A90642-561A-4BB1-A94E-469ADEE60C69}") = "Firstapp", "Firstapp.esproj", "{8A9A8A32-29F9-4257-8D93-055D19467A40}"
EndProject
Global
	GlobalSection(SolutionConfigurationPlatforms) = preSolution
		Debug|Any CPU = Debug|Any CPU
		Release|Any CPU = Release|Any CPU
	EndGlobalSection
	GlobalSection(ProjectConfigurationPlatforms) = postSolution
		{8A9A8A32-29F9-4257-8D93-055D19467A40}.Debug|Any CPU.ActiveCfg = Debug|Any CPU
		{8A9A8A32-29F9-4257-8D93-055D19467A40}.Debug|Any CPU.Build.0 = Debug|Any CPU
		{8A9A8A32-29F9-4257-8D93-055D19467A40}.Debug|Any CPU.Deploy.0 = Debug|Any CPU
		{8A9A8A32-29F9-4257-8D93-055D19467A40}.Release|Any CPU.ActiveCfg = Release|Any CPU
		{8A9A8A32-29F9-4257-8D93-055D19467A40}.Release|Any CPU.Build.0 = Release|Any CPU
		{8A9A8A32-29F9-4257-8D93-055D19467A40}.Release|Any CPU.Deploy.0 = Release|Any CPU
	EndGlobalSection
	GlobalSection(SolutionProperties) = preSolution
		HideSolutionNode = FALSE
	EndGlobalSection
	GlobalSection(ExtensibilityGlobals) = postSolution
		SolutionGuid = {AE4E3117-2195-4BFB-BC86-FDC61135F19A}
	EndGlobalSection
EndGlobal
